
Microsoft Visual Studio Solution File, Format Version 12.00
# Visual Studio Version 17
VisualStudioVersion = 17.7.34031.279
MinimumVisualStudioVersion = 10.0.40219.1
Project("{FAE04EC0-301F-11D3-BF4B-00C04F79EFBC}") = "CrudMVC", "CrudMVC\CrudMVC.csproj", "{794B252D-4B7D-4D00-82AC-6D284363C7AB}"
EndProject
Global
	GlobalSection(SolutionConfigurationPlatforms) = preSolution
		Debug|Any CPU = Debug|Any CPU
		Release|Any CPU = Release|Any CPU
	EndGlobalSection
	GlobalSection(ProjectConfigurationPlatforms) = postSolution
		{794B252D-4B7D-4D00-82AC-6D284363C7AB}.Debug|Any CPU.ActiveCfg = Debug|Any CPU
		{794B252D-4B7D-4D00-82AC-6D284363C7AB}.Debug|Any CPU.Build.0 = Debug|Any CPU
		{794B252D-4B7D-4D00-82AC-6D284363C7AB}.Release|Any CPU.ActiveCfg = Release|Any CPU
		{794B252D-4B7D-4D00-82AC-6D284363C7AB}.Release|Any CPU.Build.0 = Release|Any CPU
	EndGlobalSection
	GlobalSection(SolutionProperties) = preSolution
		HideSolutionNode = FALSE
	EndGlobalSection
	GlobalSection(ExtensibilityGlobals) = postSolution
		SolutionGuid = {889E3ECD-25EF-41EC-B974-E9CA7E6DA752}
	EndGlobalSection
EndGlobal
